
Microsoft Visual Studio Solution File, Format Version 12.00
# Visual Studio Version 17
VisualStudioVersion = 17.12.35521.163 d17.12
MinimumVisualStudioVersion = 10.0.40219.1
Project("{FAE04EC0-301F-11D3-BF4B-00C04F79EFBC}") = "Napominalka", "Napominalka\Napominalka.csproj", "{8C540868-82A4-4E7E-98E4-F5BCFEBB6481}"
EndProject
Global
	GlobalSection(SolutionConfigurationPlatforms) = preSolution
		Debug|Any CPU = Debug|Any CPU
		Release|Any CPU = Release|Any CPU
	EndGlobalSection
	GlobalSection(ProjectConfigurationPlatforms) = postSolution
		{8C540868-82A4-4E7E-98E4-F5BCFEBB6481}.Debug|Any CPU.ActiveCfg = Debug|Any CPU
		{8C540868-82A4-4E7E-98E4-F5BCFEBB6481}.Debug|Any CPU.Build.0 = Debug|Any CPU
		{8C540868-82A4-4E7E-98E4-F5BCFEBB6481}.Release|Any CPU.ActiveCfg = Release|Any CPU
		{8C540868-82A4-4E7E-98E4-F5BCFEBB6481}.Release|Any CPU.Build.0 = Release|Any CPU
	EndGlobalSection
	GlobalSection(SolutionProperties) = preSolution
		HideSolutionNode = FALSE
	EndGlobalSection
EndGlobal
