
Microsoft Visual Studio Solution File, Format Version 12.00
# Visual Studio Version 17
VisualStudioVersion = 17.13.35818.85 d17.13
MinimumVisualStudioVersion = 10.0.40219.1
Project("{FAE04EC0-301F-11D3-BF4B-00C04F79EFBC}") = "NapominalkaCore", "NapominalkaCore\NapominalkaCore.csproj", "{2B6F3564-9A8A-4368-9F69-606ED7E515DA}"
EndProject
Global
	GlobalSection(SolutionConfigurationPlatforms) = preSolution
		Debug|Any CPU = Debug|Any CPU
		Release|Any CPU = Release|Any CPU
	EndGlobalSection
	GlobalSection(ProjectConfigurationPlatforms) = postSolution
		{2B6F3564-9A8A-4368-9F69-606ED7E515DA}.Debug|Any CPU.ActiveCfg = Debug|Any CPU
		{2B6F3564-9A8A-4368-9F69-606ED7E515DA}.Debug|Any CPU.Build.0 = Debug|Any CPU
		{2B6F3564-9A8A-4368-9F69-606ED7E515DA}.Release|Any CPU.ActiveCfg = Release|Any CPU
		{2B6F3564-9A8A-4368-9F69-606ED7E515DA}.Release|Any CPU.Build.0 = Release|Any CPU
	EndGlobalSection
	GlobalSection(SolutionProperties) = preSolution
		HideSolutionNode = FALSE
	EndGlobalSection
	GlobalSection(ExtensibilityGlobals) = postSolution
		SolutionGuid = {C1273927-376C-4ADE-9EF5-4299FCBFB1A1}
	EndGlobalSection
EndGlobal
